{
  "name": "@derxjs/view-model",
  "version": "1.0.1",
  "lockfileVersion": 1,
  "requires": true,
  "dependencies": {
    "rxjs": {
      "version": "7.3.1",
      "resolved": "https://registry.npmjs.org/rxjs/-/rxjs-7.3.1.tgz",
      "integrity": "sha512-vNenx7gqjPyeKpRnM6S5Ksm/oFTRijWWzYlRON04KaehZ3YjDwEmVjGUGo0TKWVjeNXOujVRlh0K1drUbcdPkw==",
      "requires": {
        "tslib": "~2.1.0"
      }
    },
    "tslib": {
      "version": "2.1.0",
      "resolved": "https://registry.npmjs.org/tslib/-/tslib-2.1.0.tgz",
      "integrity": "sha512-hcVC3wYEziELGGmEEXue7D75zbwIIVUMWAVbHItGPx0ziyXxrOMQx4rQEVEV45Ut/1IotuEvwqPopzIOkDMf0A=="
    }
  }
}
